
Microsoft Visual Studio Solution File, Format Version 12.00
# Visual Studio Version 17
VisualStudioVersion = 17.4.33205.214
MinimumVisualStudioVersion = 10.0.40219.1
Project("{9A19103F-16F7-4668-BE54-9A1E7A4F7556}") = "CustomAttribute", "Attribute\CustomAttribute.csproj", "{87F49DDC-CB3C-4400-B31B-04490722FE82}"
EndProject
Project("{FAE04EC0-301F-11D3-BF4B-00C04F79EFBC}") = "Customexception", "Customexception\Customexception.csproj", "{9FB05195-251F-42E5-B570-B50367A97471}"
EndProject
Project("{9A19103F-16F7-4668-BE54-9A1E7A4F7556}") = "MultiThreading", "MultiThreading\MultiThreading.csproj", "{619A8B1D-DEE2-4686-9CD4-CE78C551C940}"
EndProject
Project("{9A19103F-16F7-4668-BE54-9A1E7A4F7556}") = "TestRunner", "TestRunner\TestRunner.csproj", "{1BB953DD-FD35-426E-8B90-0BB291A1CC75}"
EndProject
Project("{FAE04EC0-301F-11D3-BF4B-00C04F79EFBC}") = "PollyProject", "PollyProject\PollyProject\PollyProject.csproj", "{2DC2555B-1ED6-45D9-82CD-50536258E4D5}"
EndProject
Project("{FAE04EC0-301F-11D3-BF4B-00C04F79EFBC}") = "MemoryManagment", "gcdismememory\MemoryManagment.csproj", "{5CF39676-EF63-47E5-BD77-72E8BDD217A6}"
EndProject
Global
	GlobalSection(SolutionConfigurationPlatforms) = preSolution
		Debug|Any CPU = Debug|Any CPU
		Release|Any CPU = Release|Any CPU
	EndGlobalSection
	GlobalSection(ProjectConfigurationPlatforms) = postSolution
		{87F49DDC-CB3C-4400-B31B-04490722FE82}.Debug|Any CPU.ActiveCfg = Debug|Any CPU
		{87F49DDC-CB3C-4400-B31B-04490722FE82}.Debug|Any CPU.Build.0 = Debug|Any CPU
		{87F49DDC-CB3C-4400-B31B-04490722FE82}.Release|Any CPU.ActiveCfg = Release|Any CPU
		{87F49DDC-CB3C-4400-B31B-04490722FE82}.Release|Any CPU.Build.0 = Release|Any CPU
		{9FB05195-251F-42E5-B570-B50367A97471}.Debug|Any CPU.ActiveCfg = Debug|Any CPU
		{9FB05195-251F-42E5-B570-B50367A97471}.Debug|Any CPU.Build.0 = Debug|Any CPU
		{9FB05195-251F-42E5-B570-B50367A97471}.Release|Any CPU.ActiveCfg = Release|Any CPU
		{9FB05195-251F-42E5-B570-B50367A97471}.Release|Any CPU.Build.0 = Release|Any CPU
		{619A8B1D-DEE2-4686-9CD4-CE78C551C940}.Debug|Any CPU.ActiveCfg = Debug|Any CPU
		{619A8B1D-DEE2-4686-9CD4-CE78C551C940}.Debug|Any CPU.Build.0 = Debug|Any CPU
		{619A8B1D-DEE2-4686-9CD4-CE78C551C940}.Release|Any CPU.ActiveCfg = Release|Any CPU
		{619A8B1D-DEE2-4686-9CD4-CE78C551C940}.Release|Any CPU.Build.0 = Release|Any CPU
		{1BB953DD-FD35-426E-8B90-0BB291A1CC75}.Debug|Any CPU.ActiveCfg = Debug|Any CPU
		{1BB953DD-FD35-426E-8B90-0BB291A1CC75}.Debug|Any CPU.Build.0 = Debug|Any CPU
		{1BB953DD-FD35-426E-8B90-0BB291A1CC75}.Release|Any CPU.ActiveCfg = Release|Any CPU
		{1BB953DD-FD35-426E-8B90-0BB291A1CC75}.Release|Any CPU.Build.0 = Release|Any CPU
		{2DC2555B-1ED6-45D9-82CD-50536258E4D5}.Debug|Any CPU.ActiveCfg = Debug|Any CPU
		{2DC2555B-1ED6-45D9-82CD-50536258E4D5}.Debug|Any CPU.Build.0 = Debug|Any CPU
		{2DC2555B-1ED6-45D9-82CD-50536258E4D5}.Release|Any CPU.ActiveCfg = Release|Any CPU
		{2DC2555B-1ED6-45D9-82CD-50536258E4D5}.Release|Any CPU.Build.0 = Release|Any CPU
		{5CF39676-EF63-47E5-BD77-72E8BDD217A6}.Debug|Any CPU.ActiveCfg = Debug|Any CPU
		{5CF39676-EF63-47E5-BD77-72E8BDD217A6}.Debug|Any CPU.Build.0 = Debug|Any CPU
		{5CF39676-EF63-47E5-BD77-72E8BDD217A6}.Release|Any CPU.ActiveCfg = Release|Any CPU
		{5CF39676-EF63-47E5-BD77-72E8BDD217A6}.Release|Any CPU.Build.0 = Release|Any CPU
	EndGlobalSection
	GlobalSection(SolutionProperties) = preSolution
		HideSolutionNode = FALSE
	EndGlobalSection
	GlobalSection(ExtensibilityGlobals) = postSolution
		SolutionGuid = {9129AB6F-A5B6-42A9-8E48-141D9F9AA88F}
	EndGlobalSection
EndGlobal
