
Microsoft Visual Studio Solution File, Format Version 12.00
# Visual Studio Version 17
VisualStudioVersion = 17.2.32516.85
MinimumVisualStudioVersion = 10.0.40219.1
Project("{9A19103F-16F7-4668-BE54-9A1E7A4F7556}") = "RunTest", "RunTest\RunTest.csproj", "{8EBE6276-31C1-4E8F-9FFE-AC53A73B64ED}"
EndProject
Project("{2150E333-8FDC-42A3-9474-1A3956D46DE8}") = "HeadFirst", "HeadFirst", "{E89C7082-B57F-4D0A-820E-092302D20B40}"
EndProject
Project("{2150E333-8FDC-42A3-9474-1A3956D46DE8}") = "Udemy", "Udemy", "{7BB33315-C842-4FC5-A454-C031A117B5B8}"
EndProject
Project("{9A19103F-16F7-4668-BE54-9A1E7A4F7556}") = "HeadFirst.Decorator", "HeadFirst\Decorator\HeadFirst.Decorator.csproj", "{283566F0-2AE4-42C7-B284-C43C85F50538}"
EndProject
Project("{9A19103F-16F7-4668-BE54-9A1E7A4F7556}") = "HeadFirst.Factory", "HeadFirst\Factory\HeadFirst.Factory.csproj", "{6EE3C9F5-73CC-439C-9FD9-EAB434E56E6B}"
EndProject
Project("{9A19103F-16F7-4668-BE54-9A1E7A4F7556}") = "HeadFirst.Observer", "HeadFirst\Observer\HeadFirst.Observer.csproj", "{CE70D13D-ACD8-4B52-A2CA-DA079B12F06A}"
EndProject
Project("{9A19103F-16F7-4668-BE54-9A1E7A4F7556}") = "HeadFirst.Strategy", "HeadFirst\Strategy\HeadFirst.Strategy.csproj", "{CE993A18-36C8-49E6-90D5-4B38C786DD97}"
EndProject
Project("{9A19103F-16F7-4668-BE54-9A1E7A4F7556}") = "Udemy.Builder", "Udemy\Builder\Udemy.Builder.csproj", "{70CEFC23-14B4-40F0-B393-56EE3CBF2CA9}"
EndProject
Project("{9A19103F-16F7-4668-BE54-9A1E7A4F7556}") = "Udemy.Solid", "Udemy\Solid\Udemy.Solid.csproj", "{8BCECFB2-BADC-4AEC-BAD2-188529FC011A}"
EndProject
Project("{2150E333-8FDC-42A3-9474-1A3956D46DE8}") = "WebBlog", "WebBlog", "{06503220-97F4-4D8C-BA9E-62E7C866F93D}"
EndProject
Project("{9A19103F-16F7-4668-BE54-9A1E7A4F7556}") = "WebBlog.ChainOfResponsibilities", "WebBlog\ChainOfResponsibilities\WebBlog.ChainOfResponsibilities.csproj", "{6A090C43-91C5-439B-B30A-AAD5B1661ABE}"
EndProject
Project("{9A19103F-16F7-4668-BE54-9A1E7A4F7556}") = "WebBlog.Specifications", "WebBlog\Specifications\WebBlog.Specifications.csproj", "{5917F987-67C4-4546-AAC9-9737BC5C14D8}"
EndProject
Project("{9A19103F-16F7-4668-BE54-9A1E7A4F7556}") = "HeadFirst.Singleton", "HeadFirst\Singleton\HeadFirst.Singleton.csproj", "{EEF520A8-3720-42DB-BBCD-C1AC359067A0}"
EndProject
Project("{9A19103F-16F7-4668-BE54-9A1E7A4F7556}") = "HeadFirst.Command", "HeadFirst\Command\HeadFirst.Command.csproj", "{46AD2B8D-2C62-4842-9A82-B79EAFC3BCBB}"
EndProject
Project("{9A19103F-16F7-4668-BE54-9A1E7A4F7556}") = "HeadFirst.Composite", "HeadFirst\Composite\HeadFirst.Composite.csproj", "{D68D5485-ADD3-488C-AE40-5662F4C4C075}"
EndProject
Project("{9A19103F-16F7-4668-BE54-9A1E7A4F7556}") = "WebBlog.Composite", "WebBlog\Composite\WebBlog.Composite.csproj", "{0562CD37-AD20-4EF0-821D-FFED4712D6FB}"
EndProject
Project("{9A19103F-16F7-4668-BE54-9A1E7A4F7556}") = "WebBlog.GaurdClaues", "WebBlog\GaurdClaues\WebBlog.GaurdClaues.csproj", "{ED27BA9E-529D-42BC-8EE7-9E4E6E87C739}"
EndProject
Project("{9A19103F-16F7-4668-BE54-9A1E7A4F7556}") = "HeadFirst.State", "HeadFirst\State\HeadFirst.State.csproj", "{3B905D54-4787-4B77-8620-710BDEDB3E30}"
EndProject
Project("{9A19103F-16F7-4668-BE54-9A1E7A4F7556}") = "WebBlog.Mediator", "WebBlog\Mediator\WebBlog.Mediator.csproj", "{63658E69-3478-4A53-81CA-AC7239B2AF8B}"
EndProject
Project("{9A19103F-16F7-4668-BE54-9A1E7A4F7556}") = "WebBlog.ChangeHistoryBuilder", "WebBlog\WebBlog.ChangeHistoryBuilder\WebBlog.ChangeHistoryBuilder.csproj", "{24BCFB9F-95B6-48BD-9034-D998081BA392}"
EndProject
Project("{FAE04EC0-301F-11D3-BF4B-00C04F79EFBC}") = "WebBlog.Dapper.UnitOfWork", "WebBlog\WebBlog.Dapper.UnitOffWork\WebBlog.Dapper.UnitOfWork.csproj", "{A47BB4FB-D64C-4F33-AEFC-3B08FEAB9AD2}"
EndProject
Global
	GlobalSection(SolutionConfigurationPlatforms) = preSolution
		Debug|Any CPU = Debug|Any CPU
		Release|Any CPU = Release|Any CPU
	EndGlobalSection
	GlobalSection(ProjectConfigurationPlatforms) = postSolution
		{8EBE6276-31C1-4E8F-9FFE-AC53A73B64ED}.Debug|Any CPU.ActiveCfg = Debug|Any CPU
		{8EBE6276-31C1-4E8F-9FFE-AC53A73B64ED}.Debug|Any CPU.Build.0 = Debug|Any CPU
		{8EBE6276-31C1-4E8F-9FFE-AC53A73B64ED}.Release|Any CPU.ActiveCfg = Release|Any CPU
		{8EBE6276-31C1-4E8F-9FFE-AC53A73B64ED}.Release|Any CPU.Build.0 = Release|Any CPU
		{283566F0-2AE4-42C7-B284-C43C85F50538}.Debug|Any CPU.ActiveCfg = Debug|Any CPU
		{283566F0-2AE4-42C7-B284-C43C85F50538}.Debug|Any CPU.Build.0 = Debug|Any CPU
		{283566F0-2AE4-42C7-B284-C43C85F50538}.Release|Any CPU.ActiveCfg = Release|Any CPU
		{283566F0-2AE4-42C7-B284-C43C85F50538}.Release|Any CPU.Build.0 = Release|Any CPU
		{6EE3C9F5-73CC-439C-9FD9-EAB434E56E6B}.Debug|Any CPU.ActiveCfg = Debug|Any CPU
		{6EE3C9F5-73CC-439C-9FD9-EAB434E56E6B}.Debug|Any CPU.Build.0 = Debug|Any CPU
		{6EE3C9F5-73CC-439C-9FD9-EAB434E56E6B}.Release|Any CPU.ActiveCfg = Release|Any CPU
		{6EE3C9F5-73CC-439C-9FD9-EAB434E56E6B}.Release|Any CPU.Build.0 = Release|Any CPU
		{CE70D13D-ACD8-4B52-A2CA-DA079B12F06A}.Debug|Any CPU.ActiveCfg = Debug|Any CPU
		{CE70D13D-ACD8-4B52-A2CA-DA079B12F06A}.Debug|Any CPU.Build.0 = Debug|Any CPU
		{CE70D13D-ACD8-4B52-A2CA-DA079B12F06A}.Release|Any CPU.ActiveCfg = Release|Any CPU
		{CE70D13D-ACD8-4B52-A2CA-DA079B12F06A}.Release|Any CPU.Build.0 = Release|Any CPU
		{CE993A18-36C8-49E6-90D5-4B38C786DD97}.Debug|Any CPU.ActiveCfg = Debug|Any CPU
		{CE993A18-36C8-49E6-90D5-4B38C786DD97}.Debug|Any CPU.Build.0 = Debug|Any CPU
		{CE993A18-36C8-49E6-90D5-4B38C786DD97}.Release|Any CPU.ActiveCfg = Release|Any CPU
		{CE993A18-36C8-49E6-90D5-4B38C786DD97}.Release|Any CPU.Build.0 = Release|Any CPU
		{70CEFC23-14B4-40F0-B393-56EE3CBF2CA9}.Debug|Any CPU.ActiveCfg = Debug|Any CPU
		{70CEFC23-14B4-40F0-B393-56EE3CBF2CA9}.Debug|Any CPU.Build.0 = Debug|Any CPU
		{70CEFC23-14B4-40F0-B393-56EE3CBF2CA9}.Release|Any CPU.ActiveCfg = Release|Any CPU
		{70CEFC23-14B4-40F0-B393-56EE3CBF2CA9}.Release|Any CPU.Build.0 = Release|Any CPU
		{8BCECFB2-BADC-4AEC-BAD2-188529FC011A}.Debug|Any CPU.ActiveCfg = Debug|Any CPU
		{8BCECFB2-BADC-4AEC-BAD2-188529FC011A}.Debug|Any CPU.Build.0 = Debug|Any CPU
		{8BCECFB2-BADC-4AEC-BAD2-188529FC011A}.Release|Any CPU.ActiveCfg = Release|Any CPU
		{8BCECFB2-BADC-4AEC-BAD2-188529FC011A}.Release|Any CPU.Build.0 = Release|Any CPU
		{6A090C43-91C5-439B-B30A-AAD5B1661ABE}.Debug|Any CPU.ActiveCfg = Debug|Any CPU
		{6A090C43-91C5-439B-B30A-AAD5B1661ABE}.Debug|Any CPU.Build.0 = Debug|Any CPU
		{6A090C43-91C5-439B-B30A-AAD5B1661ABE}.Release|Any CPU.ActiveCfg = Release|Any CPU
		{6A090C43-91C5-439B-B30A-AAD5B1661ABE}.Release|Any CPU.Build.0 = Release|Any CPU
		{5917F987-67C4-4546-AAC9-9737BC5C14D8}.Debug|Any CPU.ActiveCfg = Debug|Any CPU
		{5917F987-67C4-4546-AAC9-9737BC5C14D8}.Debug|Any CPU.Build.0 = Debug|Any CPU
		{5917F987-67C4-4546-AAC9-9737BC5C14D8}.Release|Any CPU.ActiveCfg = Release|Any CPU
		{5917F987-67C4-4546-AAC9-9737BC5C14D8}.Release|Any CPU.Build.0 = Release|Any CPU
		{EEF520A8-3720-42DB-BBCD-C1AC359067A0}.Debug|Any CPU.ActiveCfg = Debug|Any CPU
		{EEF520A8-3720-42DB-BBCD-C1AC359067A0}.Debug|Any CPU.Build.0 = Debug|Any CPU
		{EEF520A8-3720-42DB-BBCD-C1AC359067A0}.Release|Any CPU.ActiveCfg = Release|Any CPU
		{EEF520A8-3720-42DB-BBCD-C1AC359067A0}.Release|Any CPU.Build.0 = Release|Any CPU
		{46AD2B8D-2C62-4842-9A82-B79EAFC3BCBB}.Debug|Any CPU.ActiveCfg = Debug|Any CPU
		{46AD2B8D-2C62-4842-9A82-B79EAFC3BCBB}.Debug|Any CPU.Build.0 = Debug|Any CPU
		{46AD2B8D-2C62-4842-9A82-B79EAFC3BCBB}.Release|Any CPU.ActiveCfg = Release|Any CPU
		{46AD2B8D-2C62-4842-9A82-B79EAFC3BCBB}.Release|Any CPU.Build.0 = Release|Any CPU
		{D68D5485-ADD3-488C-AE40-5662F4C4C075}.Debug|Any CPU.ActiveCfg = Debug|Any CPU
		{D68D5485-ADD3-488C-AE40-5662F4C4C075}.Debug|Any CPU.Build.0 = Debug|Any CPU
		{D68D5485-ADD3-488C-AE40-5662F4C4C075}.Release|Any CPU.ActiveCfg = Release|Any CPU
		{D68D5485-ADD3-488C-AE40-5662F4C4C075}.Release|Any CPU.Build.0 = Release|Any CPU
		{0562CD37-AD20-4EF0-821D-FFED4712D6FB}.Debug|Any CPU.ActiveCfg = Debug|Any CPU
		{0562CD37-AD20-4EF0-821D-FFED4712D6FB}.Debug|Any CPU.Build.0 = Debug|Any CPU
		{0562CD37-AD20-4EF0-821D-FFED4712D6FB}.Release|Any CPU.ActiveCfg = Release|Any CPU
		{0562CD37-AD20-4EF0-821D-FFED4712D6FB}.Release|Any CPU.Build.0 = Release|Any CPU
		{ED27BA9E-529D-42BC-8EE7-9E4E6E87C739}.Debug|Any CPU.ActiveCfg = Debug|Any CPU
		{ED27BA9E-529D-42BC-8EE7-9E4E6E87C739}.Debug|Any CPU.Build.0 = Debug|Any CPU
		{ED27BA9E-529D-42BC-8EE7-9E4E6E87C739}.Release|Any CPU.ActiveCfg = Release|Any CPU
		{ED27BA9E-529D-42BC-8EE7-9E4E6E87C739}.Release|Any CPU.Build.0 = Release|Any CPU
		{3B905D54-4787-4B77-8620-710BDEDB3E30}.Debug|Any CPU.ActiveCfg = Debug|Any CPU
		{3B905D54-4787-4B77-8620-710BDEDB3E30}.Debug|Any CPU.Build.0 = Debug|Any CPU
		{3B905D54-4787-4B77-8620-710BDEDB3E30}.Release|Any CPU.ActiveCfg = Release|Any CPU
		{3B905D54-4787-4B77-8620-710BDEDB3E30}.Release|Any CPU.Build.0 = Release|Any CPU
		{63658E69-3478-4A53-81CA-AC7239B2AF8B}.Debug|Any CPU.ActiveCfg = Debug|Any CPU
		{63658E69-3478-4A53-81CA-AC7239B2AF8B}.Debug|Any CPU.Build.0 = Debug|Any CPU
		{63658E69-3478-4A53-81CA-AC7239B2AF8B}.Release|Any CPU.ActiveCfg = Release|Any CPU
		{63658E69-3478-4A53-81CA-AC7239B2AF8B}.Release|Any CPU.Build.0 = Release|Any CPU
		{24BCFB9F-95B6-48BD-9034-D998081BA392}.Debug|Any CPU.ActiveCfg = Debug|Any CPU
		{24BCFB9F-95B6-48BD-9034-D998081BA392}.Debug|Any CPU.Build.0 = Debug|Any CPU
		{24BCFB9F-95B6-48BD-9034-D998081BA392}.Release|Any CPU.ActiveCfg = Release|Any CPU
		{24BCFB9F-95B6-48BD-9034-D998081BA392}.Release|Any CPU.Build.0 = Release|Any CPU
		{A47BB4FB-D64C-4F33-AEFC-3B08FEAB9AD2}.Debug|Any CPU.ActiveCfg = Debug|Any CPU
		{A47BB4FB-D64C-4F33-AEFC-3B08FEAB9AD2}.Debug|Any CPU.Build.0 = Debug|Any CPU
		{A47BB4FB-D64C-4F33-AEFC-3B08FEAB9AD2}.Release|Any CPU.ActiveCfg = Release|Any CPU
		{A47BB4FB-D64C-4F33-AEFC-3B08FEAB9AD2}.Release|Any CPU.Build.0 = Release|Any CPU
	EndGlobalSection
	GlobalSection(SolutionProperties) = preSolution
		HideSolutionNode = FALSE
	EndGlobalSection
	GlobalSection(NestedProjects) = preSolution
		{283566F0-2AE4-42C7-B284-C43C85F50538} = {E89C7082-B57F-4D0A-820E-092302D20B40}
		{6EE3C9F5-73CC-439C-9FD9-EAB434E56E6B} = {E89C7082-B57F-4D0A-820E-092302D20B40}
		{CE70D13D-ACD8-4B52-A2CA-DA079B12F06A} = {E89C7082-B57F-4D0A-820E-092302D20B40}
		{CE993A18-36C8-49E6-90D5-4B38C786DD97} = {E89C7082-B57F-4D0A-820E-092302D20B40}
		{70CEFC23-14B4-40F0-B393-56EE3CBF2CA9} = {7BB33315-C842-4FC5-A454-C031A117B5B8}
		{8BCECFB2-BADC-4AEC-BAD2-188529FC011A} = {7BB33315-C842-4FC5-A454-C031A117B5B8}
		{6A090C43-91C5-439B-B30A-AAD5B1661ABE} = {06503220-97F4-4D8C-BA9E-62E7C866F93D}
		{5917F987-67C4-4546-AAC9-9737BC5C14D8} = {06503220-97F4-4D8C-BA9E-62E7C866F93D}
		{EEF520A8-3720-42DB-BBCD-C1AC359067A0} = {E89C7082-B57F-4D0A-820E-092302D20B40}
		{46AD2B8D-2C62-4842-9A82-B79EAFC3BCBB} = {E89C7082-B57F-4D0A-820E-092302D20B40}
		{D68D5485-ADD3-488C-AE40-5662F4C4C075} = {E89C7082-B57F-4D0A-820E-092302D20B40}
		{0562CD37-AD20-4EF0-821D-FFED4712D6FB} = {06503220-97F4-4D8C-BA9E-62E7C866F93D}
		{ED27BA9E-529D-42BC-8EE7-9E4E6E87C739} = {06503220-97F4-4D8C-BA9E-62E7C866F93D}
		{3B905D54-4787-4B77-8620-710BDEDB3E30} = {E89C7082-B57F-4D0A-820E-092302D20B40}
		{63658E69-3478-4A53-81CA-AC7239B2AF8B} = {06503220-97F4-4D8C-BA9E-62E7C866F93D}
		{24BCFB9F-95B6-48BD-9034-D998081BA392} = {06503220-97F4-4D8C-BA9E-62E7C866F93D}
		{A47BB4FB-D64C-4F33-AEFC-3B08FEAB9AD2} = {06503220-97F4-4D8C-BA9E-62E7C866F93D}
	EndGlobalSection
	GlobalSection(ExtensibilityGlobals) = postSolution
		SolutionGuid = {64BFDCB4-6080-4612-8896-74A85481BD0B}
	EndGlobalSection
EndGlobal
